{
	"name": "@nest-middlewares/csurf",
	"version": "5.0.2",
	"lockfileVersion": 1,
	"requires": true,
	"dependencies": {
		"@types/body-parser": {
			"version": "1.17.0",
			"resolved": "https://registry.npmjs.org/@types/body-parser/-/body-parser-1.17.0.tgz",
			"integrity": "sha512-a2+YeUjPkztKJu5aIF2yArYFQQp8d51wZ7DavSHjFuY1mqVgidGyzEQ41JIVNy82fXj8yPgy2vJmfIywgESW6w==",
			"requires": {
				"@types/connect": "*",
				"@types/node": "*"
			}
		},
		"@types/connect": {
			"version": "3.4.32",
			"resolved": "https://registry.npmjs.org/@types/connect/-/connect-3.4.32.tgz",
			"integrity": "sha512-4r8qa0quOvh7lGD0pre62CAb1oni1OO6ecJLGCezTmhQ8Fz50Arx9RUszryR8KlgK6avuSXvviL6yWyViQABOg==",
			"requires": {
				"@types/node": "*"
			}
		},
		"@types/csurf": {
			"version": "1.9.35",
			"resolved": "https://registry.npmjs.org/@types/csurf/-/csurf-1.9.35.tgz",
			"integrity": "sha512-2EVN+Bt2Vd8u+11xeJ64BjCYVOlhqaob82FPAw8VzOOWAYfP8TFvB7RD67CShEz45JXiI+38mlNJHKrArCzFMw==",
			"requires": {
				"@types/express": "*",
				"@types/express-serve-static-core": "*"
			}
		},
		"@types/events": {
			"version": "1.2.0",
			"resolved": "https://registry.npmjs.org/@types/events/-/events-1.2.0.tgz",
			"integrity": "sha512-KEIlhXnIutzKwRbQkGWb/I4HFqBuUykAdHgDED6xqwXJfONCjF5VoE0cXEiurh3XauygxzeDzgtXUqvLkxFzzA=="
		},
		"@types/express": {
			"version": "4.16.0",
			"resolved": "https://registry.npmjs.org/@types/express/-/express-4.16.0.tgz",
			"integrity": "sha512-TtPEYumsmSTtTetAPXlJVf3kEqb6wZK0bZojpJQrnD/djV4q1oB6QQ8aKvKqwNPACoe02GNiy5zDzcYivR5Z2w==",
			"requires": {
				"@types/body-parser": "*",
				"@types/express-serve-static-core": "*",
				"@types/serve-static": "*"
			}
		},
		"@types/express-serve-static-core": {
			"version": "4.16.0",
			"resolved": "https://registry.npmjs.org/@types/express-serve-static-core/-/express-serve-static-core-4.16.0.tgz",
			"integrity": "sha512-lTeoCu5NxJU4OD9moCgm0ESZzweAx0YqsAcab6OB0EB3+As1OaHtKnaGJvcngQxYsi9UNv0abn4/DRavrRxt4w==",
			"requires": {
				"@types/events": "*",
				"@types/node": "*",
				"@types/range-parser": "*"
			}
		},
		"@types/mime": {
			"version": "2.0.0",
			"resolved": "https://registry.npmjs.org/@types/mime/-/mime-2.0.0.tgz",
			"integrity": "sha512-A2TAGbTFdBw9azHbpVd+/FkdW2T6msN1uct1O9bH3vTerEHKZhTXJUQXy+hNq1B0RagfU8U+KBdqiZpxjhOUQA=="
		},
		"@types/node": {
			"version": "10.5.2",
			"resolved": "https://registry.npmjs.org/@types/node/-/node-10.5.2.tgz",
			"integrity": "sha512-m9zXmifkZsMHZBOyxZWilMwmTlpC8x5Ty360JKTiXvlXZfBWYpsg9ZZvP/Ye+iZUh+Q+MxDLjItVTWIsfwz+8Q=="
		},
		"@types/range-parser": {
			"version": "1.2.2",
			"resolved": "https://registry.npmjs.org/@types/range-parser/-/range-parser-1.2.2.tgz",
			"integrity": "sha512-HtKGu+qG1NPvYe1z7ezLsyIaXYyi8SoAVqWDZgDQ8dLrsZvSzUNCwZyfX33uhWxL/SU0ZDQZ3nwZ0nimt507Kw=="
		},
		"@types/serve-static": {
			"version": "1.13.2",
			"resolved": "https://registry.npmjs.org/@types/serve-static/-/serve-static-1.13.2.tgz",
			"integrity": "sha512-/BZ4QRLpH/bNYgZgwhKEh+5AsboDBcUdlBYgzoLX0fpj3Y2gp6EApyOlM3bK53wQS/OE1SrdSYBAbux2D1528Q==",
			"requires": {
				"@types/express-serve-static-core": "*",
				"@types/mime": "*"
			}
		},
		"cookie": {
			"version": "0.3.1",
			"resolved": "https://registry.npmjs.org/cookie/-/cookie-0.3.1.tgz",
			"integrity": "sha1-5+Ch+e9DtMi6klxcWpboBtFoc7s="
		},
		"cookie-signature": {
			"version": "1.0.6",
			"resolved": "https://registry.npmjs.org/cookie-signature/-/cookie-signature-1.0.6.tgz",
			"integrity": "sha1-4wOogrNCzD7oylE6eZmXNNqzriw="
		},
		"csrf": {
			"version": "3.0.6",
			"resolved": "https://registry.npmjs.org/csrf/-/csrf-3.0.6.tgz",
			"integrity": "sha1-thEg3c7q/JHnbtUxO7XAsmZ7cQo=",
			"requires": {
				"rndm": "1.2.0",
				"tsscmp": "1.0.5",
				"uid-safe": "2.1.4"
			}
		},
		"csurf": {
			"version": "1.9.0",
			"resolved": "https://registry.npmjs.org/csurf/-/csurf-1.9.0.tgz",
			"integrity": "sha1-SdLGkl/87Ht95VlZfBU/pTM2QTM=",
			"requires": {
				"cookie": "0.3.1",
				"cookie-signature": "1.0.6",
				"csrf": "~3.0.3",
				"http-errors": "~1.5.0"
			}
		},
		"http-errors": {
			"version": "1.5.1",
			"resolved": "https://registry.npmjs.org/http-errors/-/http-errors-1.5.1.tgz",
			"integrity": "sha1-eIwNLB3iyBuebowBhDtrl+uSB1A=",
			"requires": {
				"inherits": "2.0.3",
				"setprototypeof": "1.0.2",
				"statuses": ">= 1.3.1 < 2"
			}
		},
		"inherits": {
			"version": "2.0.3",
			"resolved": "https://registry.npmjs.org/inherits/-/inherits-2.0.3.tgz",
			"integrity": "sha1-Yzwsg+PaQqUC9SRmAiSA9CCCYd4="
		},
		"random-bytes": {
			"version": "1.0.0",
			"resolved": "https://registry.npmjs.org/random-bytes/-/random-bytes-1.0.0.tgz",
			"integrity": "sha1-T2ih3Arli9P7lYSMMDJNt11kNgs="
		},
		"rndm": {
			"version": "1.2.0",
			"resolved": "https://registry.npmjs.org/rndm/-/rndm-1.2.0.tgz",
			"integrity": "sha1-8z/pz7Urv9UgqhgyO8ZdsRCht2w="
		},
		"setprototypeof": {
			"version": "1.0.2",
			"resolved": "https://registry.npmjs.org/setprototypeof/-/setprototypeof-1.0.2.tgz",
			"integrity": "sha1-gaVSFB7BBLiOic44MQOtXGZWTQg="
		},
		"statuses": {
			"version": "1.5.0",
			"resolved": "https://registry.npmjs.org/statuses/-/statuses-1.5.0.tgz",
			"integrity": "sha1-Fhx9rBd2Wf2YEfQ3cfqZOBR4Yow="
		},
		"tsscmp": {
			"version": "1.0.5",
			"resolved": "https://registry.npmjs.org/tsscmp/-/tsscmp-1.0.5.tgz",
			"integrity": "sha1-fcSjOvcVgatDN9qR2FylQn69mpc="
		},
		"uid-safe": {
			"version": "2.1.4",
			"resolved": "https://registry.npmjs.org/uid-safe/-/uid-safe-2.1.4.tgz",
			"integrity": "sha1-Otbzg2jG1MjHXsF2I/t5qh0HHYE=",
			"requires": {
				"random-bytes": "~1.0.0"
			}
		}
	}
}
