{
	"name": "@nest-middlewares/morgan",
	"version": "6.0.0",
	"lockfileVersion": 1,
	"requires": true,
	"dependencies": {
		"@types/body-parser": {
			"version": "1.17.0",
			"resolved": "https://registry.npmjs.org/@types/body-parser/-/body-parser-1.17.0.tgz",
			"integrity": "sha512-a2+YeUjPkztKJu5aIF2yArYFQQp8d51wZ7DavSHjFuY1mqVgidGyzEQ41JIVNy82fXj8yPgy2vJmfIywgESW6w==",
			"requires": {
				"@types/connect": "*",
				"@types/node": "*"
			}
		},
		"@types/connect": {
			"version": "3.4.32",
			"resolved": "https://registry.npmjs.org/@types/connect/-/connect-3.4.32.tgz",
			"integrity": "sha512-4r8qa0quOvh7lGD0pre62CAb1oni1OO6ecJLGCezTmhQ8Fz50Arx9RUszryR8KlgK6avuSXvviL6yWyViQABOg==",
			"requires": {
				"@types/node": "*"
			}
		},
		"@types/events": {
			"version": "1.2.0",
			"resolved": "https://registry.npmjs.org/@types/events/-/events-1.2.0.tgz",
			"integrity": "sha512-KEIlhXnIutzKwRbQkGWb/I4HFqBuUykAdHgDED6xqwXJfONCjF5VoE0cXEiurh3XauygxzeDzgtXUqvLkxFzzA=="
		},
		"@types/express": {
			"version": "4.16.0",
			"resolved": "https://registry.npmjs.org/@types/express/-/express-4.16.0.tgz",
			"integrity": "sha512-TtPEYumsmSTtTetAPXlJVf3kEqb6wZK0bZojpJQrnD/djV4q1oB6QQ8aKvKqwNPACoe02GNiy5zDzcYivR5Z2w==",
			"requires": {
				"@types/body-parser": "*",
				"@types/express-serve-static-core": "*",
				"@types/serve-static": "*"
			}
		},
		"@types/express-serve-static-core": {
			"version": "4.16.0",
			"resolved": "https://registry.npmjs.org/@types/express-serve-static-core/-/express-serve-static-core-4.16.0.tgz",
			"integrity": "sha512-lTeoCu5NxJU4OD9moCgm0ESZzweAx0YqsAcab6OB0EB3+As1OaHtKnaGJvcngQxYsi9UNv0abn4/DRavrRxt4w==",
			"requires": {
				"@types/events": "*",
				"@types/node": "*",
				"@types/range-parser": "*"
			}
		},
		"@types/mime": {
			"version": "2.0.0",
			"resolved": "https://registry.npmjs.org/@types/mime/-/mime-2.0.0.tgz",
			"integrity": "sha512-A2TAGbTFdBw9azHbpVd+/FkdW2T6msN1uct1O9bH3vTerEHKZhTXJUQXy+hNq1B0RagfU8U+KBdqiZpxjhOUQA=="
		},
		"@types/morgan": {
			"version": "1.7.35",
			"resolved": "https://registry.npmjs.org/@types/morgan/-/morgan-1.7.35.tgz",
			"integrity": "sha512-E9qFi0seOkdlQnCTPv54brNfGWeFdRaEhI5tSue4pdx/V+xfxvMETsxXhOEcj1cYL+0n/jcTEmj/jD2gjzCwMg==",
			"requires": {
				"@types/express": "*"
			}
		},
		"@types/node": {
			"version": "10.5.2",
			"resolved": "https://registry.npmjs.org/@types/node/-/node-10.5.2.tgz",
			"integrity": "sha512-m9zXmifkZsMHZBOyxZWilMwmTlpC8x5Ty360JKTiXvlXZfBWYpsg9ZZvP/Ye+iZUh+Q+MxDLjItVTWIsfwz+8Q=="
		},
		"@types/range-parser": {
			"version": "1.2.2",
			"resolved": "https://registry.npmjs.org/@types/range-parser/-/range-parser-1.2.2.tgz",
			"integrity": "sha512-HtKGu+qG1NPvYe1z7ezLsyIaXYyi8SoAVqWDZgDQ8dLrsZvSzUNCwZyfX33uhWxL/SU0ZDQZ3nwZ0nimt507Kw=="
		},
		"@types/serve-static": {
			"version": "1.13.2",
			"resolved": "https://registry.npmjs.org/@types/serve-static/-/serve-static-1.13.2.tgz",
			"integrity": "sha512-/BZ4QRLpH/bNYgZgwhKEh+5AsboDBcUdlBYgzoLX0fpj3Y2gp6EApyOlM3bK53wQS/OE1SrdSYBAbux2D1528Q==",
			"requires": {
				"@types/express-serve-static-core": "*",
				"@types/mime": "*"
			}
		},
		"basic-auth": {
			"version": "2.0.1",
			"resolved": "https://registry.npmjs.org/basic-auth/-/basic-auth-2.0.1.tgz",
			"integrity": "sha512-NF+epuEdnUYVlGuhaxbbq+dvJttwLnGY+YixlXlME5KpQ5W3CnXA5cVTneY3SPbPDRkcjMbifrwmFYcClgOZeg==",
			"requires": {
				"safe-buffer": "5.1.2"
			}
		},
		"debug": {
			"version": "2.6.9",
			"resolved": "https://registry.npmjs.org/debug/-/debug-2.6.9.tgz",
			"integrity": "sha512-bC7ElrdJaJnPbAP+1EotYvqZsb3ecl5wi6Bfi6BJTUcNowp6cvspg0jXznRTKDjm/E7AdgFBVeAPVMNcKGsHMA==",
			"requires": {
				"ms": "2.0.0"
			}
		},
		"depd": {
			"version": "1.1.2",
			"resolved": "https://registry.npmjs.org/depd/-/depd-1.1.2.tgz",
			"integrity": "sha1-m81S4UwJd2PnSbJ0xDRu0uVgtak="
		},
		"ee-first": {
			"version": "1.1.1",
			"resolved": "https://registry.npmjs.org/ee-first/-/ee-first-1.1.1.tgz",
			"integrity": "sha1-WQxhFWsK4vTwJVcyoViyZrxWsh0="
		},
		"morgan": {
			"version": "1.9.1",
			"resolved": "https://registry.npmjs.org/morgan/-/morgan-1.9.1.tgz",
			"integrity": "sha512-HQStPIV4y3afTiCYVxirakhlCfGkI161c76kKFca7Fk1JusM//Qeo1ej2XaMniiNeaZklMVrh3vTtIzpzwbpmA==",
			"requires": {
				"basic-auth": "~2.0.0",
				"debug": "2.6.9",
				"depd": "~1.1.2",
				"on-finished": "~2.3.0",
				"on-headers": "~1.0.1"
			}
		},
		"ms": {
			"version": "2.0.0",
			"resolved": "https://registry.npmjs.org/ms/-/ms-2.0.0.tgz",
			"integrity": "sha1-VgiurfwAvmwpAd9fmGF4jeDVl8g="
		},
		"on-finished": {
			"version": "2.3.0",
			"resolved": "https://registry.npmjs.org/on-finished/-/on-finished-2.3.0.tgz",
			"integrity": "sha1-IPEzZIGwg811M3mSoWlxqi2QaUc=",
			"requires": {
				"ee-first": "1.1.1"
			}
		},
		"on-headers": {
			"version": "1.0.2",
			"resolved": "https://registry.npmjs.org/on-headers/-/on-headers-1.0.2.tgz",
			"integrity": "sha512-pZAE+FJLoyITytdqK0U5s+FIpjN0JP3OzFi/u8Rx+EV5/W+JTWGXG8xFzevE7AjBfDqHv/8vL8qQsIhHnqRkrA=="
		},
		"safe-buffer": {
			"version": "5.1.2",
			"resolved": "https://registry.npmjs.org/safe-buffer/-/safe-buffer-5.1.2.tgz",
			"integrity": "sha512-Gd2UZBJDkXlY7GbJxfsE8/nvKkUEU1G38c1siN6QP6a9PT9MmHB8GnpscSmMJSoF8LOIrt8ud/wPtojys4G6+g=="
		}
	}
}
