{
	"requires": true,
	"lockfileVersion": 1,
	"dependencies": {
		"basic-auth": {
			"version": "2.0.0",
			"resolved": "https://registry.npmjs.org/basic-auth/-/basic-auth-2.0.0.tgz",
			"integrity": "sha1-AV2z81PgLlY3d1X5YnQuiYHnu7o=",
			"requires": {
				"safe-buffer": "5.1.1"
			}
		},
		"debug": {
			"version": "2.6.9",
			"resolved": "https://registry.npmjs.org/debug/-/debug-2.6.9.tgz",
			"integrity": "sha512-bC7ElrdJaJnPbAP+1EotYvqZsb3ecl5wi6Bfi6BJTUcNowp6cvspg0jXznRTKDjm/E7AdgFBVeAPVMNcKGsHMA==",
			"requires": {
				"ms": "2.0.0"
			}
		},
		"depd": {
			"version": "1.1.1",
			"resolved": "https://registry.npmjs.org/depd/-/depd-1.1.1.tgz",
			"integrity": "sha1-V4O04cRZ8G+lyif5kfPQbnoxA1k="
		},
		"ee-first": {
			"version": "1.1.1",
			"resolved": "https://registry.npmjs.org/ee-first/-/ee-first-1.1.1.tgz",
			"integrity": "sha1-WQxhFWsK4vTwJVcyoViyZrxWsh0="
		},
		"morgan": {
			"version": "1.9.0",
			"resolved": "https://registry.npmjs.org/morgan/-/morgan-1.9.0.tgz",
			"integrity": "sha1-0B+mxlhZt2/PMbPLU6OCGjEdgFE=",
			"requires": {
				"basic-auth": "2.0.0",
				"debug": "2.6.9",
				"depd": "1.1.1",
				"on-finished": "2.3.0",
				"on-headers": "1.0.1"
			}
		},
		"ms": {
			"version": "2.0.0",
			"resolved": "https://registry.npmjs.org/ms/-/ms-2.0.0.tgz",
			"integrity": "sha1-VgiurfwAvmwpAd9fmGF4jeDVl8g="
		},
		"on-finished": {
			"version": "2.3.0",
			"resolved": "https://registry.npmjs.org/on-finished/-/on-finished-2.3.0.tgz",
			"integrity": "sha1-IPEzZIGwg811M3mSoWlxqi2QaUc=",
			"requires": {
				"ee-first": "1.1.1"
			}
		},
		"on-headers": {
			"version": "1.0.1",
			"resolved": "https://registry.npmjs.org/on-headers/-/on-headers-1.0.1.tgz",
			"integrity": "sha1-ko9dD0cNSTQmUepnlLCFfBAGk/c="
		},
		"safe-buffer": {
			"version": "5.1.1",
			"resolved": "https://registry.npmjs.org/safe-buffer/-/safe-buffer-5.1.1.tgz",
			"integrity": "sha512-kKvNJn6Mm93gAczWVJg7wH+wGYWNrDHdWvpUmHyEsgCtIwwo3bqPtV4tR5tuPaUhTOo/kvhVwd8XwwOllGYkbg=="
		}
	}
}
