{
	"name": "@nest-middlewares/helmet",
	"version": "6.0.0",
	"lockfileVersion": 1,
	"requires": true,
	"dependencies": {
		"@types/body-parser": {
			"version": "1.17.0",
			"resolved": "https://registry.npmjs.org/@types/body-parser/-/body-parser-1.17.0.tgz",
			"integrity": "sha512-a2+YeUjPkztKJu5aIF2yArYFQQp8d51wZ7DavSHjFuY1mqVgidGyzEQ41JIVNy82fXj8yPgy2vJmfIywgESW6w==",
			"requires": {
				"@types/connect": "*",
				"@types/node": "*"
			}
		},
		"@types/connect": {
			"version": "3.4.32",
			"resolved": "https://registry.npmjs.org/@types/connect/-/connect-3.4.32.tgz",
			"integrity": "sha512-4r8qa0quOvh7lGD0pre62CAb1oni1OO6ecJLGCezTmhQ8Fz50Arx9RUszryR8KlgK6avuSXvviL6yWyViQABOg==",
			"requires": {
				"@types/node": "*"
			}
		},
		"@types/events": {
			"version": "1.2.0",
			"resolved": "https://registry.npmjs.org/@types/events/-/events-1.2.0.tgz",
			"integrity": "sha512-KEIlhXnIutzKwRbQkGWb/I4HFqBuUykAdHgDED6xqwXJfONCjF5VoE0cXEiurh3XauygxzeDzgtXUqvLkxFzzA=="
		},
		"@types/express": {
			"version": "4.16.0",
			"resolved": "https://registry.npmjs.org/@types/express/-/express-4.16.0.tgz",
			"integrity": "sha512-TtPEYumsmSTtTetAPXlJVf3kEqb6wZK0bZojpJQrnD/djV4q1oB6QQ8aKvKqwNPACoe02GNiy5zDzcYivR5Z2w==",
			"requires": {
				"@types/body-parser": "*",
				"@types/express-serve-static-core": "*",
				"@types/serve-static": "*"
			}
		},
		"@types/express-serve-static-core": {
			"version": "4.16.0",
			"resolved": "https://registry.npmjs.org/@types/express-serve-static-core/-/express-serve-static-core-4.16.0.tgz",
			"integrity": "sha512-lTeoCu5NxJU4OD9moCgm0ESZzweAx0YqsAcab6OB0EB3+As1OaHtKnaGJvcngQxYsi9UNv0abn4/DRavrRxt4w==",
			"requires": {
				"@types/events": "*",
				"@types/node": "*",
				"@types/range-parser": "*"
			}
		},
		"@types/helmet": {
			"version": "0.0.37",
			"resolved": "https://registry.npmjs.org/@types/helmet/-/helmet-0.0.37.tgz",
			"integrity": "sha512-E45vdnx+7+HIN5jsywhzfd+hUI/2yBFr6RT7tsMVrwp+uTvyVANBf4dyVUNW/+ZqAvcx23t2YtGTndQJR3tXIA==",
			"requires": {
				"@types/express": "*"
			}
		},
		"@types/mime": {
			"version": "2.0.0",
			"resolved": "https://registry.npmjs.org/@types/mime/-/mime-2.0.0.tgz",
			"integrity": "sha512-A2TAGbTFdBw9azHbpVd+/FkdW2T6msN1uct1O9bH3vTerEHKZhTXJUQXy+hNq1B0RagfU8U+KBdqiZpxjhOUQA=="
		},
		"@types/node": {
			"version": "10.5.2",
			"resolved": "https://registry.npmjs.org/@types/node/-/node-10.5.2.tgz",
			"integrity": "sha512-m9zXmifkZsMHZBOyxZWilMwmTlpC8x5Ty360JKTiXvlXZfBWYpsg9ZZvP/Ye+iZUh+Q+MxDLjItVTWIsfwz+8Q=="
		},
		"@types/range-parser": {
			"version": "1.2.2",
			"resolved": "https://registry.npmjs.org/@types/range-parser/-/range-parser-1.2.2.tgz",
			"integrity": "sha512-HtKGu+qG1NPvYe1z7ezLsyIaXYyi8SoAVqWDZgDQ8dLrsZvSzUNCwZyfX33uhWxL/SU0ZDQZ3nwZ0nimt507Kw=="
		},
		"@types/serve-static": {
			"version": "1.13.2",
			"resolved": "https://registry.npmjs.org/@types/serve-static/-/serve-static-1.13.2.tgz",
			"integrity": "sha512-/BZ4QRLpH/bNYgZgwhKEh+5AsboDBcUdlBYgzoLX0fpj3Y2gp6EApyOlM3bK53wQS/OE1SrdSYBAbux2D1528Q==",
			"requires": {
				"@types/express-serve-static-core": "*",
				"@types/mime": "*"
			}
		},
		"bowser": {
			"version": "2.9.0",
			"resolved": "https://registry.npmjs.org/bowser/-/bowser-2.9.0.tgz",
			"integrity": "sha512-2ld76tuLBNFekRgmJfT2+3j5MIrP6bFict8WAIT3beq+srz1gcKNAdNKMqHqauQt63NmAa88HfP1/Ypa9Er3HA=="
		},
		"camelize": {
			"version": "1.0.0",
			"resolved": "https://registry.npmjs.org/camelize/-/camelize-1.0.0.tgz",
			"integrity": "sha512-W2lPwkBkMZwFlPCXhIlYgxu+7gC/NUlCtdK652DAJ1JdgV0sTrvuPFshNPrFa1TY2JOkLhgdeEBplB4ezEa+xg=="
		},
		"content-security-policy-builder": {
			"version": "2.1.0",
			"resolved": "https://registry.npmjs.org/content-security-policy-builder/-/content-security-policy-builder-2.1.0.tgz",
			"integrity": "sha512-/MtLWhJVvJNkA9dVLAp6fg9LxD2gfI6R2Fi1hPmfjYXSahJJzcfvoeDOxSyp4NvxMuwWv3WMssE9o31DoULHrQ=="
		},
		"dasherize": {
			"version": "2.0.0",
			"resolved": "https://registry.npmjs.org/dasherize/-/dasherize-2.0.0.tgz",
			"integrity": "sha512-APql/TZ6FdLEpf2z7/X2a2zyqK8juYtqaSVqxw9mYoQ64CXkfU15AeLh8pUszT8+fnYjgm6t0aIYpWKJbnLkuA=="
		},
		"depd": {
			"version": "2.0.0",
			"resolved": "https://registry.npmjs.org/depd/-/depd-2.0.0.tgz",
			"integrity": "sha512-g7nH6P6dyDioJogAAGprGpCtVImJhpPk/roCzdb3fIh61/s/nPsfR6onyMwkCAR/OlC3yBC0lESvUoQEAssIrw=="
		},
		"dont-sniff-mimetype": {
			"version": "1.1.0",
			"resolved": "https://registry.npmjs.org/dont-sniff-mimetype/-/dont-sniff-mimetype-1.1.0.tgz",
			"integrity": "sha512-ZjI4zqTaxveH2/tTlzS1wFp+7ncxNZaIEWYg3lzZRHkKf5zPT/MnEG6WL0BhHMJUabkh8GeU5NL5j+rEUCb7Ug=="
		},
		"feature-policy": {
			"version": "0.3.0",
			"resolved": "https://registry.npmjs.org/feature-policy/-/feature-policy-0.3.0.tgz",
			"integrity": "sha512-ZtijOTFN7TzCujt1fnNhfWPFPSHeZkesff9AXZj+UEjYBynWNUIYpC87Ve4wHzyexQsImicLu7WsC2LHq7/xrQ=="
		},
		"helmet": {
			"version": "3.23.3",
			"resolved": "https://registry.npmjs.org/helmet/-/helmet-3.23.3.tgz",
			"integrity": "sha512-U3MeYdzPJQhtvqAVBPntVgAvNSOJyagwZwyKsFdyRa8TV3pOKVFljalPOCxbw5Wwf2kncGhmP0qHjyazIdNdSA==",
			"requires": {
				"depd": "2.0.0",
				"dont-sniff-mimetype": "1.1.0",
				"feature-policy": "0.3.0",
				"helmet-crossdomain": "0.4.0",
				"helmet-csp": "2.10.0",
				"hide-powered-by": "1.1.0",
				"hpkp": "2.0.0",
				"hsts": "2.2.0",
				"nocache": "2.1.0",
				"referrer-policy": "1.2.0",
				"x-xss-protection": "1.3.0"
			}
		},
		"helmet-crossdomain": {
			"version": "0.4.0",
			"resolved": "https://registry.npmjs.org/helmet-crossdomain/-/helmet-crossdomain-0.4.0.tgz",
			"integrity": "sha512-AB4DTykRw3HCOxovD1nPR16hllrVImeFp5VBV9/twj66lJ2nU75DP8FPL0/Jp4jj79JhTfG+pFI2MD02kWJ+fA=="
		},
		"helmet-csp": {
			"version": "2.10.0",
			"resolved": "https://registry.npmjs.org/helmet-csp/-/helmet-csp-2.10.0.tgz",
			"integrity": "sha512-Rz953ZNEFk8sT2XvewXkYN0Ho4GEZdjAZy4stjiEQV3eN7GDxg1QKmYggH7otDyIA7uGA6XnUMVSgeJwbR5X+w==",
			"requires": {
				"bowser": "2.9.0",
				"camelize": "1.0.0",
				"content-security-policy-builder": "2.1.0",
				"dasherize": "2.0.0"
			}
		},
		"hide-powered-by": {
			"version": "1.1.0",
			"resolved": "https://registry.npmjs.org/hide-powered-by/-/hide-powered-by-1.1.0.tgz",
			"integrity": "sha512-Io1zA2yOA1YJslkr+AJlWSf2yWFkKjvkcL9Ni1XSUqnGLr/qRQe2UI3Cn/J9MsJht7yEVCe0SscY1HgVMujbgg=="
		},
		"hpkp": {
			"version": "2.0.0",
			"resolved": "https://registry.npmjs.org/hpkp/-/hpkp-2.0.0.tgz",
			"integrity": "sha512-TaZpC6cO/k3DFsjfzz1LnOobbVSq+J+7WpJxrVtN4L+8+BPQj8iBDRB2Dx49613N+e7/+ZSQ9ra+xZm7Blf4wg=="
		},
		"hsts": {
			"version": "2.2.0",
			"resolved": "https://registry.npmjs.org/hsts/-/hsts-2.2.0.tgz",
			"integrity": "sha512-ToaTnQ2TbJkochoVcdXYm4HOCliNozlviNsg+X2XQLQvZNI/kCHR9rZxVYpJB3UPcHz80PgxRyWQ7PdU1r+VBQ==",
			"requires": {
				"depd": "2.0.0"
			}
		},
		"nocache": {
			"version": "2.1.0",
			"resolved": "https://registry.npmjs.org/nocache/-/nocache-2.1.0.tgz",
			"integrity": "sha512-0L9FvHG3nfnnmaEQPjT9xhfN4ISk0A8/2j4M37Np4mcDesJjHgEUfgPhdCyZuFI954tjokaIj/A3NdpFNdEh4Q=="
		},
		"referrer-policy": {
			"version": "1.2.0",
			"resolved": "https://registry.npmjs.org/referrer-policy/-/referrer-policy-1.2.0.tgz",
			"integrity": "sha512-LgQJIuS6nAy1Jd88DCQRemyE3mS+ispwlqMk3b0yjZ257fI1v9c+/p6SD5gP5FGyXUIgrNOAfmyioHwZtYv2VA=="
		},
		"x-xss-protection": {
			"version": "1.3.0",
			"resolved": "https://registry.npmjs.org/x-xss-protection/-/x-xss-protection-1.3.0.tgz",
			"integrity": "sha512-kpyBI9TlVipZO4diReZMAHWtS0MMa/7Kgx8hwG/EuZLiA6sg4Ah/4TRdASHhRRN3boobzcYgFRUFSgHRge6Qhg=="
		}
	}
}
