{
	"requires": true,
	"lockfileVersion": 1,
	"dependencies": {
		"@types/node": {
			"version": "9.4.1",
			"resolved": "https://registry.npmjs.org/@types/node/-/node-9.4.1.tgz",
			"integrity": "sha512-9ESUxmXt1Isc1xKfDBZ7tpULyTPY5ZCywcfvQTXoLUqP+n4D+MBH+0n75hdzrcmfCc3eWByOi27+GLmMuAvcUA=="
		},
		"@types/response-time": {
			"version": "2.3.2",
			"resolved": "https://registry.npmjs.org/@types/response-time/-/response-time-2.3.2.tgz",
			"integrity": "sha512-DBwGG+EETJ7iVCmtaf83XuOg66LRxuXOL3ep1N3DOAa7aygvryX3WomqlayZtSoGLyd32Og3759S2StQfDMXdw==",
			"requires": {
				"@types/node": "9.4.1"
			}
		},
		"depd": {
			"version": "1.1.2",
			"resolved": "https://registry.npmjs.org/depd/-/depd-1.1.2.tgz",
			"integrity": "sha1-m81S4UwJd2PnSbJ0xDRu0uVgtak="
		},
		"on-headers": {
			"version": "1.0.1",
			"resolved": "https://registry.npmjs.org/on-headers/-/on-headers-1.0.1.tgz",
			"integrity": "sha1-ko9dD0cNSTQmUepnlLCFfBAGk/c="
		},
		"response-time": {
			"version": "2.3.2",
			"resolved": "https://registry.npmjs.org/response-time/-/response-time-2.3.2.tgz",
			"integrity": "sha1-/6cbq5UtYvfB1Jt0NDVfvGjf/Fo=",
			"requires": {
				"depd": "1.1.2",
				"on-headers": "1.0.1"
			}
		}
	}
}
