{
	"requires": true,
	"lockfileVersion": 1,
	"dependencies": {
		"address": {
			"version": "0.0.3",
			"resolved": "https://registry.npmjs.org/address/-/address-0.0.3.tgz",
			"integrity": "sha1-gcc0Rsj18IdY/17eXPq3Tk00jxY="
		},
		"connect-rid": {
			"version": "0.0.1",
			"resolved": "https://registry.npmjs.org/connect-rid/-/connect-rid-0.0.1.tgz",
			"integrity": "sha1-++3xOXEUPfdcK2yWDeRk2PdTmhc=",
			"requires": {
				"rid": "0.0.1"
			}
		},
		"rid": {
			"version": "0.0.1",
			"resolved": "https://registry.npmjs.org/rid/-/rid-0.0.1.tgz",
			"integrity": "sha1-Mw1UumJlnJBF1txRttrMctRhpKI=",
			"requires": {
				"address": "0.0.3"
			}
		}
	}
}
