{
	"requires": true,
	"lockfileVersion": 1,
	"dependencies": {
		"@types/body-parser": {
			"version": "1.17.0",
			"resolved": "https://registry.npmjs.org/@types/body-parser/-/body-parser-1.17.0.tgz",
			"integrity": "sha512-a2+YeUjPkztKJu5aIF2yArYFQQp8d51wZ7DavSHjFuY1mqVgidGyzEQ41JIVNy82fXj8yPgy2vJmfIywgESW6w==",
			"requires": {
				"@types/connect": "*",
				"@types/node": "*"
			}
		},
		"@types/connect": {
			"version": "3.4.32",
			"resolved": "https://registry.npmjs.org/@types/connect/-/connect-3.4.32.tgz",
			"integrity": "sha512-4r8qa0quOvh7lGD0pre62CAb1oni1OO6ecJLGCezTmhQ8Fz50Arx9RUszryR8KlgK6avuSXvviL6yWyViQABOg==",
			"requires": {
				"@types/node": "*"
			}
		},
		"@types/cookie-parser": {
			"version": "1.4.1",
			"resolved": "https://registry.npmjs.org/@types/cookie-parser/-/cookie-parser-1.4.1.tgz",
			"integrity": "sha512-iJY6B3ZGufLiDf2OCAgiAAQuj1sMKC/wz/7XCEjZ+/MDuultfFJuSwrBKcLSmJ5iYApLzCCYBYJZs0Ws8GPmwA==",
			"requires": {
				"@types/express": "*"
			}
		},
		"@types/events": {
			"version": "1.2.0",
			"resolved": "https://registry.npmjs.org/@types/events/-/events-1.2.0.tgz",
			"integrity": "sha512-KEIlhXnIutzKwRbQkGWb/I4HFqBuUykAdHgDED6xqwXJfONCjF5VoE0cXEiurh3XauygxzeDzgtXUqvLkxFzzA=="
		},
		"@types/express": {
			"version": "4.16.0",
			"resolved": "https://registry.npmjs.org/@types/express/-/express-4.16.0.tgz",
			"integrity": "sha512-TtPEYumsmSTtTetAPXlJVf3kEqb6wZK0bZojpJQrnD/djV4q1oB6QQ8aKvKqwNPACoe02GNiy5zDzcYivR5Z2w==",
			"requires": {
				"@types/body-parser": "*",
				"@types/express-serve-static-core": "*",
				"@types/serve-static": "*"
			}
		},
		"@types/express-serve-static-core": {
			"version": "4.16.0",
			"resolved": "https://registry.npmjs.org/@types/express-serve-static-core/-/express-serve-static-core-4.16.0.tgz",
			"integrity": "sha512-lTeoCu5NxJU4OD9moCgm0ESZzweAx0YqsAcab6OB0EB3+As1OaHtKnaGJvcngQxYsi9UNv0abn4/DRavrRxt4w==",
			"requires": {
				"@types/events": "*",
				"@types/node": "*",
				"@types/range-parser": "*"
			}
		},
		"@types/mime": {
			"version": "2.0.0",
			"resolved": "https://registry.npmjs.org/@types/mime/-/mime-2.0.0.tgz",
			"integrity": "sha512-A2TAGbTFdBw9azHbpVd+/FkdW2T6msN1uct1O9bH3vTerEHKZhTXJUQXy+hNq1B0RagfU8U+KBdqiZpxjhOUQA=="
		},
		"@types/node": {
			"version": "10.5.2",
			"resolved": "https://registry.npmjs.org/@types/node/-/node-10.5.2.tgz",
			"integrity": "sha512-m9zXmifkZsMHZBOyxZWilMwmTlpC8x5Ty360JKTiXvlXZfBWYpsg9ZZvP/Ye+iZUh+Q+MxDLjItVTWIsfwz+8Q=="
		},
		"@types/range-parser": {
			"version": "1.2.2",
			"resolved": "https://registry.npmjs.org/@types/range-parser/-/range-parser-1.2.2.tgz",
			"integrity": "sha512-HtKGu+qG1NPvYe1z7ezLsyIaXYyi8SoAVqWDZgDQ8dLrsZvSzUNCwZyfX33uhWxL/SU0ZDQZ3nwZ0nimt507Kw=="
		},
		"@types/serve-static": {
			"version": "1.13.2",
			"resolved": "https://registry.npmjs.org/@types/serve-static/-/serve-static-1.13.2.tgz",
			"integrity": "sha512-/BZ4QRLpH/bNYgZgwhKEh+5AsboDBcUdlBYgzoLX0fpj3Y2gp6EApyOlM3bK53wQS/OE1SrdSYBAbux2D1528Q==",
			"requires": {
				"@types/express-serve-static-core": "*",
				"@types/mime": "*"
			}
		},
		"cookie": {
			"version": "0.3.1",
			"resolved": "https://registry.npmjs.org/cookie/-/cookie-0.3.1.tgz",
			"integrity": "sha1-5+Ch+e9DtMi6klxcWpboBtFoc7s="
		},
		"cookie-parser": {
			"version": "1.4.3",
			"resolved": "https://registry.npmjs.org/cookie-parser/-/cookie-parser-1.4.3.tgz",
			"integrity": "sha1-D+MfoZ0AC5X0qt8fU/3CuKIDuqU=",
			"requires": {
				"cookie": "0.3.1",
				"cookie-signature": "1.0.6"
			}
		},
		"cookie-signature": {
			"version": "1.0.6",
			"resolved": "https://registry.npmjs.org/cookie-signature/-/cookie-signature-1.0.6.tgz",
			"integrity": "sha1-4wOogrNCzD7oylE6eZmXNNqzriw="
		}
	}
}
