{
	"requires": true,
	"lockfileVersion": 1,
	"dependencies": {
		"cookie": {
			"version": "0.3.1",
			"resolved": "https://registry.npmjs.org/cookie/-/cookie-0.3.1.tgz",
			"integrity": "sha1-5+Ch+e9DtMi6klxcWpboBtFoc7s="
		},
		"cookie-signature": {
			"version": "1.0.6",
			"resolved": "https://registry.npmjs.org/cookie-signature/-/cookie-signature-1.0.6.tgz",
			"integrity": "sha1-4wOogrNCzD7oylE6eZmXNNqzriw="
		},
		"csrf": {
			"version": "3.0.6",
			"resolved": "https://registry.npmjs.org/csrf/-/csrf-3.0.6.tgz",
			"integrity": "sha1-thEg3c7q/JHnbtUxO7XAsmZ7cQo=",
			"requires": {
				"rndm": "1.2.0",
				"tsscmp": "1.0.5",
				"uid-safe": "2.1.4"
			}
		},
		"csurf": {
			"version": "1.9.0",
			"resolved": "https://registry.npmjs.org/csurf/-/csurf-1.9.0.tgz",
			"integrity": "sha1-SdLGkl/87Ht95VlZfBU/pTM2QTM=",
			"requires": {
				"cookie": "0.3.1",
				"cookie-signature": "1.0.6",
				"csrf": "3.0.6",
				"http-errors": "1.5.1"
			}
		},
		"http-errors": {
			"version": "1.5.1",
			"resolved": "https://registry.npmjs.org/http-errors/-/http-errors-1.5.1.tgz",
			"integrity": "sha1-eIwNLB3iyBuebowBhDtrl+uSB1A=",
			"requires": {
				"inherits": "2.0.3",
				"setprototypeof": "1.0.2",
				"statuses": "1.4.0"
			}
		},
		"inherits": {
			"version": "2.0.3",
			"resolved": "https://registry.npmjs.org/inherits/-/inherits-2.0.3.tgz",
			"integrity": "sha1-Yzwsg+PaQqUC9SRmAiSA9CCCYd4="
		},
		"random-bytes": {
			"version": "1.0.0",
			"resolved": "https://registry.npmjs.org/random-bytes/-/random-bytes-1.0.0.tgz",
			"integrity": "sha1-T2ih3Arli9P7lYSMMDJNt11kNgs="
		},
		"rndm": {
			"version": "1.2.0",
			"resolved": "https://registry.npmjs.org/rndm/-/rndm-1.2.0.tgz",
			"integrity": "sha1-8z/pz7Urv9UgqhgyO8ZdsRCht2w="
		},
		"setprototypeof": {
			"version": "1.0.2",
			"resolved": "https://registry.npmjs.org/setprototypeof/-/setprototypeof-1.0.2.tgz",
			"integrity": "sha1-gaVSFB7BBLiOic44MQOtXGZWTQg="
		},
		"statuses": {
			"version": "1.4.0",
			"resolved": "https://registry.npmjs.org/statuses/-/statuses-1.4.0.tgz",
			"integrity": "sha512-zhSCtt8v2NDrRlPQpCNtw/heZLtfUDqxBM1udqikb/Hbk52LK4nQSwr10u77iopCW5LsyHpuXS0GnEc48mLeew=="
		},
		"tsscmp": {
			"version": "1.0.5",
			"resolved": "https://registry.npmjs.org/tsscmp/-/tsscmp-1.0.5.tgz",
			"integrity": "sha1-fcSjOvcVgatDN9qR2FylQn69mpc="
		},
		"uid-safe": {
			"version": "2.1.4",
			"resolved": "https://registry.npmjs.org/uid-safe/-/uid-safe-2.1.4.tgz",
			"integrity": "sha1-Otbzg2jG1MjHXsF2I/t5qh0HHYE=",
			"requires": {
				"random-bytes": "1.0.0"
			}
		}
	}
}
