{
	"requires": true,
	"lockfileVersion": 1,
	"dependencies": {
		"express-bearer-token": {
			"version": "2.1.1",
			"resolved": "https://registry.npmjs.org/express-bearer-token/-/express-bearer-token-2.1.1.tgz",
			"integrity": "sha512-o0WdHkdzw/gJ0vHc8gTJt167p4pId5KE31HtN+npvFy9m5+Cj1EvNTvdIdI/5hj9zvExogQRgG/QnXF8Gyx7/g=="
		}
	}
}
